
Microsoft Visual Studio Solution File, Format Version 12.00
# Visual Studio Version 17
VisualStudioVersion = 17.0.31903.59
MinimumVisualStudioVersion = 10.0.40219.1
Project("{9A19103F-16F7-4668-BE54-9A1E7A4F7556}") = "SunamoVcf.Tests", "SunamoVcf.Tests\\SunamoVcf.Tests.csproj", "{322E2B72-8445-4A41-8379-43568FB90EDA}"
EndProject
Project("{FAE04EC0-301F-11D3-BF4B-00C04F79EFBC}") = "RunnerVcf", "RunnerVcf\\RunnerVcf.csproj", "{1ED3EE65-80F0-4140-A1A4-83795165582C}"
EndProject
Project("{FAE04EC0-301F-11D3-BF4B-00C04F79EFBC}") = "SunamoVcf", "SunamoVcf\SunamoVcf.csproj", "{6DBB060D-342A-4B1F-B0CD-65EE20730E0D}"
EndProject
Global
	GlobalSection(SolutionConfigurationPlatforms) = preSolution
		Debug|Any CPU = Debug|Any CPU
		Debug|x64 = Debug|x64
		Debug|x86 = Debug|x86
		Release|Any CPU = Release|Any CPU
		Release|x64 = Release|x64
		Release|x86 = Release|x86
	EndGlobalSection
	GlobalSection(ProjectConfigurationPlatforms) = postSolution
		{322E2B72-8445-4A41-8379-43568FB90EDA}.Debug|Any CPU.ActiveCfg = Debug|Any CPU
		{322E2B72-8445-4A41-8379-43568FB90EDA}.Debug|Any CPU.Build.0 = Debug|Any CPU
		{322E2B72-8445-4A41-8379-43568FB90EDA}.Debug|x64.ActiveCfg = Debug|Any CPU
		{322E2B72-8445-4A41-8379-43568FB90EDA}.Debug|x64.Build.0 = Debug|Any CPU
		{322E2B72-8445-4A41-8379-43568FB90EDA}.Debug|x86.ActiveCfg = Debug|Any CPU
		{322E2B72-8445-4A41-8379-43568FB90EDA}.Debug|x86.Build.0 = Debug|Any CPU
		{322E2B72-8445-4A41-8379-43568FB90EDA}.Release|Any CPU.ActiveCfg = Release|Any CPU
		{322E2B72-8445-4A41-8379-43568FB90EDA}.Release|Any CPU.Build.0 = Release|Any CPU
		{322E2B72-8445-4A41-8379-43568FB90EDA}.Release|x64.ActiveCfg = Release|Any CPU
		{322E2B72-8445-4A41-8379-43568FB90EDA}.Release|x64.Build.0 = Release|Any CPU
		{322E2B72-8445-4A41-8379-43568FB90EDA}.Release|x86.ActiveCfg = Release|Any CPU
		{322E2B72-8445-4A41-8379-43568FB90EDA}.Release|x86.Build.0 = Release|Any CPU
		{1ED3EE65-80F0-4140-A1A4-83795165582C}.Debug|Any CPU.ActiveCfg = Debug|Any CPU
		{1ED3EE65-80F0-4140-A1A4-83795165582C}.Debug|Any CPU.Build.0 = Debug|Any CPU
		{1ED3EE65-80F0-4140-A1A4-83795165582C}.Debug|x64.ActiveCfg = Debug|Any CPU
		{1ED3EE65-80F0-4140-A1A4-83795165582C}.Debug|x64.Build.0 = Debug|Any CPU
		{1ED3EE65-80F0-4140-A1A4-83795165582C}.Debug|x86.ActiveCfg = Debug|Any CPU
		{1ED3EE65-80F0-4140-A1A4-83795165582C}.Debug|x86.Build.0 = Debug|Any CPU
		{1ED3EE65-80F0-4140-A1A4-83795165582C}.Release|Any CPU.ActiveCfg = Release|Any CPU
		{1ED3EE65-80F0-4140-A1A4-83795165582C}.Release|Any CPU.Build.0 = Release|Any CPU
		{1ED3EE65-80F0-4140-A1A4-83795165582C}.Release|x64.ActiveCfg = Release|Any CPU
		{1ED3EE65-80F0-4140-A1A4-83795165582C}.Release|x64.Build.0 = Release|Any CPU
		{1ED3EE65-80F0-4140-A1A4-83795165582C}.Release|x86.ActiveCfg = Release|Any CPU
		{1ED3EE65-80F0-4140-A1A4-83795165582C}.Release|x86.Build.0 = Release|Any CPU
		{6DBB060D-342A-4B1F-B0CD-65EE20730E0D}.Debug|Any CPU.ActiveCfg = Debug|Any CPU
		{6DBB060D-342A-4B1F-B0CD-65EE20730E0D}.Debug|Any CPU.Build.0 = Debug|Any CPU
		{6DBB060D-342A-4B1F-B0CD-65EE20730E0D}.Debug|x64.ActiveCfg = Debug|Any CPU
		{6DBB060D-342A-4B1F-B0CD-65EE20730E0D}.Debug|x64.Build.0 = Debug|Any CPU
		{6DBB060D-342A-4B1F-B0CD-65EE20730E0D}.Debug|x86.ActiveCfg = Debug|Any CPU
		{6DBB060D-342A-4B1F-B0CD-65EE20730E0D}.Debug|x86.Build.0 = Debug|Any CPU
		{6DBB060D-342A-4B1F-B0CD-65EE20730E0D}.Release|Any CPU.ActiveCfg = Release|Any CPU
		{6DBB060D-342A-4B1F-B0CD-65EE20730E0D}.Release|Any CPU.Build.0 = Release|Any CPU
		{6DBB060D-342A-4B1F-B0CD-65EE20730E0D}.Release|x64.ActiveCfg = Release|Any CPU
		{6DBB060D-342A-4B1F-B0CD-65EE20730E0D}.Release|x64.Build.0 = Release|Any CPU
		{6DBB060D-342A-4B1F-B0CD-65EE20730E0D}.Release|x86.ActiveCfg = Release|Any CPU
		{6DBB060D-342A-4B1F-B0CD-65EE20730E0D}.Release|x86.Build.0 = Release|Any CPU
	EndGlobalSection
	GlobalSection(SolutionProperties) = preSolution
		HideSolutionNode = FALSE
	EndGlobalSection
	GlobalSection(ExtensibilityGlobals) = postSolution
		SolutionGuid = {D1DF5167-A1CE-49FB-B2F1-8E51306E4286}
	EndGlobalSection
EndGlobal
